// !$*UTF8*$!
{
	archiveVersion = 1;
	classes = {
	};
	objectVersion = 55;
	objects = {

/* Begin PBXBuildFile section */
		0205C27F286A357A004EDE7A /* PlateSolverApp.swift in Sources */ = {isa = PBXBuildFile; fileRef = 0205C27E286A357A004EDE7A /* PlateSolverApp.swift */; };
		0205C281286A357A004EDE7A /* ContentView.swift in Sources */ = {isa = PBXBuildFile; fileRef = 0205C280286A357A004EDE7A /* ContentView.swift */; };
		0205C283286A357D004EDE7A /* Assets.xcassets in Resources */ = {isa = PBXBuildFile; fileRef = 0205C282286A357D004EDE7A /* Assets.xcassets */; };
		0205C286286A357D004EDE7A /* Preview Assets.xcassets in Resources */ = {isa = PBXBuildFile; fileRef = 0205C285286A357D004EDE7A /* Preview Assets.xcassets */; };
		0205C290286A357D004EDE7A /* PlateSolverTests.swift in Sources */ = {isa = PBXBuildFile; fileRef = 0205C28F286A357D004EDE7A /* PlateSolverTests.swift */; };
		0205C29A286A357D004EDE7A /* PlateSolverUITests.swift in Sources */ = {isa = PBXBuildFile; fileRef = 0205C299286A357D004EDE7A /* PlateSolverUITests.swift */; };
		0205C29C286A357D004EDE7A /* PlateSolverUITestsLaunchTests.swift in Sources */ = {isa = PBXBuildFile; fileRef = 0205C29B286A357D004EDE7A /* PlateSolverUITestsLaunchTests.swift */; };
		0205C2A9286A35B7004EDE7A /* APIService.swift in Sources */ = {isa = PBXBuildFile; fileRef = 0205C2A8286A35B7004EDE7A /* APIService.swift */; };
		0205C2AC286A42AC004EDE7A /* Coordinator.swift in Sources */ = {isa = PBXBuildFile; fileRef = 0205C2AB286A42AC004EDE7A /* Coordinator.swift */; };
		026D7F80286B45600043C8B3 /* ResultView.swift in Sources */ = {isa = PBXBuildFile; fileRef = 026D7F7F286B45600043C8B3 /* ResultView.swift */; };
		026D7F82286B5D240043C8B3 /* CaptureButton.swift in Sources */ = {isa = PBXBuildFile; fileRef = 026D7F81286B5D240043C8B3 /* CaptureButton.swift */; };
		026D7F84286B5F0D0043C8B3 /* PhotoButton.swift in Sources */ = {isa = PBXBuildFile; fileRef = 026D7F83286B5F0D0043C8B3 /* PhotoButton.swift */; };
		026D7F86286B5F750043C8B3 /* CaptureImageView.swift in Sources */ = {isa = PBXBuildFile; fileRef = 026D7F85286B5F750043C8B3 /* CaptureImageView.swift */; };
		026D7F88286B5FA40043C8B3 /* URLRequestExtension.swift in Sources */ = {isa = PBXBuildFile; fileRef = 026D7F87286B5FA40043C8B3 /* URLRequestExtension.swift */; };
		026D7F8C286C95050043C8B3 /* SettingsView.swift in Sources */ = {isa = PBXBuildFile; fileRef = 026D7F8B286C95050043C8B3 /* SettingsView.swift */; };
		026D7F8E286D265B0043C8B3 /* APIModel.swift in Sources */ = {isa = PBXBuildFile; fileRef = 026D7F8D286D265B0043C8B3 /* APIModel.swift */; };
/* End PBXBuildFile section */

/* Begin PBXContainerItemProxy section */
		0205C28C286A357D004EDE7A /* PBXContainerItemProxy */ = {
			isa = PBXContainerItemProxy;
			containerPortal = 0205C273286A357A004EDE7A /* Project object */;
			proxyType = 1;
			remoteGlobalIDString = 0205C27A286A357A004EDE7A;
			remoteInfo = PlateSolver;
		};
		0205C296286A357D004EDE7A /* PBXContainerItemProxy */ = {
			isa = PBXContainerItemProxy;
			containerPortal = 0205C273286A357A004EDE7A /* Project object */;
			proxyType = 1;
			remoteGlobalIDString = 0205C27A286A357A004EDE7A;
			remoteInfo = PlateSolver;
		};
/* End PBXContainerItemProxy section */

/* Begin PBXFileReference section */
		0205C27B286A357A004EDE7A /* PlateSolver.app */ = {isa = PBXFileReference; explicitFileType = wrapper.application; includeInIndex = 0; path = PlateSolver.app; sourceTree = BUILT_PRODUCTS_DIR; };
		0205C27E286A357A004EDE7A /* PlateSolverApp.swift */ = {isa = PBXFileReference; lastKnownFileType = sourcecode.swift; path = PlateSolverApp.swift; sourceTree = "<group>"; };
		0205C280286A357A004EDE7A /* ContentView.swift */ = {isa = PBXFileReference; lastKnownFileType = sourcecode.swift; path = ContentView.swift; sourceTree = "<group>"; };
		0205C282286A357D004EDE7A /* Assets.xcassets */ = {isa = PBXFileReference; lastKnownFileType = folder.assetcatalog; path = Assets.xcassets; sourceTree = "<group>"; };
		0205C285286A357D004EDE7A /* Preview Assets.xcassets */ = {isa = PBXFileReference; lastKnownFileType = folder.assetcatalog; path = "Preview Assets.xcassets"; sourceTree = "<group>"; };
		0205C28B286A357D004EDE7A /* PlateSolverTests.xctest */ = {isa = PBXFileReference; explicitFileType = wrapper.cfbundle; includeInIndex = 0; path = PlateSolverTests.xctest; sourceTree = BUILT_PRODUCTS_DIR; };
		0205C28F286A357D004EDE7A /* PlateSolverTests.swift */ = {isa = PBXFileReference; lastKnownFileType = sourcecode.swift; path = PlateSolverTests.swift; sourceTree = "<group>"; };
		0205C295286A357D004EDE7A /* PlateSolverUITests.xctest */ = {isa = PBXFileReference; explicitFileType = wrapper.cfbundle; includeInIndex = 0; path = PlateSolverUITests.xctest; sourceTree = BUILT_PRODUCTS_DIR; };
		0205C299286A357D004EDE7A /* PlateSolverUITests.swift */ = {isa = PBXFileReference; lastKnownFileType = sourcecode.swift; path = PlateSolverUITests.swift; sourceTree = "<group>"; };
		0205C29B286A357D004EDE7A /* PlateSolverUITestsLaunchTests.swift */ = {isa = PBXFileReference; lastKnownFileType = sourcecode.swift; path = PlateSolverUITestsLaunchTests.swift; sourceTree = "<group>"; };
		0205C2A8286A35B7004EDE7A /* APIService.swift */ = {isa = PBXFileReference; lastKnownFileType = sourcecode.swift; path = APIService.swift; sourceTree = "<group>"; };
		0205C2AA286A3A07004EDE7A /* Info.plist */ = {isa = PBXFileReference; lastKnownFileType = text.plist; path = Info.plist; sourceTree = "<group>"; };
		0205C2AB286A42AC004EDE7A /* Coordinator.swift */ = {isa = PBXFileReference; lastKnownFileType = sourcecode.swift; path = Coordinator.swift; sourceTree = "<group>"; };
		026D7F7F286B45600043C8B3 /* ResultView.swift */ = {isa = PBXFileReference; lastKnownFileType = sourcecode.swift; path = ResultView.swift; sourceTree = "<group>"; };
		026D7F81286B5D240043C8B3 /* CaptureButton.swift */ = {isa = PBXFileReference; lastKnownFileType = sourcecode.swift; path = CaptureButton.swift; sourceTree = "<group>"; };
		026D7F83286B5F0D0043C8B3 /* PhotoButton.swift */ = {isa = PBXFileReference; lastKnownFileType = sourcecode.swift; path = PhotoButton.swift; sourceTree = "<group>"; };
		026D7F85286B5F750043C8B3 /* CaptureImageView.swift */ = {isa = PBXFileReference; lastKnownFileType = sourcecode.swift; path = CaptureImageView.swift; sourceTree = "<group>"; };
		026D7F87286B5FA40043C8B3 /* URLRequestExtension.swift */ = {isa = PBXFileReference; lastKnownFileType = sourcecode.swift; path = URLRequestExtension.swift; sourceTree = "<group>"; };
		026D7F8B286C95050043C8B3 /* SettingsView.swift */ = {isa = PBXFileReference; lastKnownFileType = sourcecode.swift; path = SettingsView.swift; sourceTree = "<group>"; };
		026D7F8D286D265B0043C8B3 /* APIModel.swift */ = {isa = PBXFileReference; lastKnownFileType = sourcecode.swift; path = APIModel.swift; sourceTree = "<group>"; };
/* End PBXFileReference section */

/* Begin PBXFrameworksBuildPhase section */
		0205C278286A357A004EDE7A /* Frameworks */ = {
			isa = PBXFrameworksBuildPhase;
			buildActionMask = 2147483647;
			files = (
			);
			runOnlyForDeploymentPostprocessing = 0;
		};
		0205C288286A357D004EDE7A /* Frameworks */ = {
			isa = PBXFrameworksBuildPhase;
			buildActionMask = 2147483647;
			files = (
			);
			runOnlyForDeploymentPostprocessing = 0;
		};
		0205C292286A357D004EDE7A /* Frameworks */ = {
			isa = PBXFrameworksBuildPhase;
			buildActionMask = 2147483647;
			files = (
			);
			runOnlyForDeploymentPostprocessing = 0;
		};
/* End PBXFrameworksBuildPhase section */

/* Begin PBXGroup section */
		0205C272286A357A004EDE7A = {
			isa = PBXGroup;
			children = (
				0205C27D286A357A004EDE7A /* PlateSolver */,
				0205C28E286A357D004EDE7A /* PlateSolverTests */,
				0205C298286A357D004EDE7A /* PlateSolverUITests */,
				0205C27C286A357A004EDE7A /* Products */,
			);
			sourceTree = "<group>";
		};
		0205C27C286A357A004EDE7A /* Products */ = {
			isa = PBXGroup;
			children = (
				0205C27B286A357A004EDE7A /* PlateSolver.app */,
				0205C28B286A357D004EDE7A /* PlateSolverTests.xctest */,
				0205C295286A357D004EDE7A /* PlateSolverUITests.xctest */,
			);
			name = Products;
			sourceTree = "<group>";
		};
		0205C27D286A357A004EDE7A /* PlateSolver */ = {
			isa = PBXGroup;
			children = (
				0205C2AA286A3A07004EDE7A /* Info.plist */,
				0205C27E286A357A004EDE7A /* PlateSolverApp.swift */,
				026D7F89286B5FF20043C8B3 /* API */,
				026D7F8A286C94F00043C8B3 /* Settings */,
				026D7F8F286D28F40043C8B3 /* Image Capture */,
				026D7F90286D290D0043C8B3 /* Main View */,
				0205C282286A357D004EDE7A /* Assets.xcassets */,
				0205C284286A357D004EDE7A /* Preview Content */,
			);
			path = PlateSolver;
			sourceTree = "<group>";
		};
		0205C284286A357D004EDE7A /* Preview Content */ = {
			isa = PBXGroup;
			children = (
				0205C285286A357D004EDE7A /* Preview Assets.xcassets */,
			);
			path = "Preview Content";
			sourceTree = "<group>";
		};
		0205C28E286A357D004EDE7A /* PlateSolverTests */ = {
			isa = PBXGroup;
			children = (
				0205C28F286A357D004EDE7A /* PlateSolverTests.swift */,
			);
			path = PlateSolverTests;
			sourceTree = "<group>";
		};
		0205C298286A357D004EDE7A /* PlateSolverUITests */ = {
			isa = PBXGroup;
			children = (
				0205C299286A357D004EDE7A /* PlateSolverUITests.swift */,
				0205C29B286A357D004EDE7A /* PlateSolverUITestsLaunchTests.swift */,
			);
			path = PlateSolverUITests;
			sourceTree = "<group>";
		};
		026D7F89286B5FF20043C8B3 /* API */ = {
			isa = PBXGroup;
			children = (
				0205C2A8286A35B7004EDE7A /* APIService.swift */,
				026D7F8D286D265B0043C8B3 /* APIModel.swift */,
				026D7F87286B5FA40043C8B3 /* URLRequestExtension.swift */,
			);
			path = API;
			sourceTree = "<group>";
		};
		026D7F8A286C94F00043C8B3 /* Settings */ = {
			isa = PBXGroup;
			children = (
				026D7F8B286C95050043C8B3 /* SettingsView.swift */,
			);
			path = Settings;
			sourceTree = "<group>";
		};
		026D7F8F286D28F40043C8B3 /* Image Capture */ = {
			isa = PBXGroup;
			children = (
				0205C2AB286A42AC004EDE7A /* Coordinator.swift */,
				026D7F85286B5F750043C8B3 /* CaptureImageView.swift */,
			);
			path = "Image Capture";
			sourceTree = "<group>";
		};
		026D7F90286D290D0043C8B3 /* Main View */ = {
			isa = PBXGroup;
			children = (
				0205C280286A357A004EDE7A /* ContentView.swift */,
				026D7F7F286B45600043C8B3 /* ResultView.swift */,
				026D7F81286B5D240043C8B3 /* CaptureButton.swift */,
				026D7F83286B5F0D0043C8B3 /* PhotoButton.swift */,
			);
			path = "Main View";
			sourceTree = "<group>";
		};
/* End PBXGroup section */

/* Begin PBXNativeTarget section */
		0205C27A286A357A004EDE7A /* PlateSolver */ = {
			isa = PBXNativeTarget;
			buildConfigurationList = 0205C29F286A357D004EDE7A /* Build configuration list for PBXNativeTarget "PlateSolver" */;
			buildPhases = (
				0205C277286A357A004EDE7A /* Sources */,
				0205C278286A357A004EDE7A /* Frameworks */,
				0205C279286A357A004EDE7A /* Resources */,
			);
			buildRules = (
			);
			dependencies = (
			);
			name = PlateSolver;
			productName = PlateSolver;
			productReference = 0205C27B286A357A004EDE7A /* PlateSolver.app */;
			productType = "com.apple.product-type.application";
		};
		0205C28A286A357D004EDE7A /* PlateSolverTests */ = {
			isa = PBXNativeTarget;
			buildConfigurationList = 0205C2A2286A357D004EDE7A /* Build configuration list for PBXNativeTarget "PlateSolverTests" */;
			buildPhases = (
				0205C287286A357D004EDE7A /* Sources */,
				0205C288286A357D004EDE7A /* Frameworks */,
				0205C289286A357D004EDE7A /* Resources */,
			);
			buildRules = (
			);
			dependencies = (
				0205C28D286A357D004EDE7A /* PBXTargetDependency */,
			);
			name = PlateSolverTests;
			productName = PlateSolverTests;
			productReference = 0205C28B286A357D004EDE7A /* PlateSolverTests.xctest */;
			productType = "com.apple.product-type.bundle.unit-test";
		};
		0205C294286A357D004EDE7A /* PlateSolverUITests */ = {
			isa = PBXNativeTarget;
			buildConfigurationList = 0205C2A5286A357D004EDE7A /* Build configuration list for PBXNativeTarget "PlateSolverUITests" */;
			buildPhases = (
				0205C291286A357D004EDE7A /* Sources */,
				0205C292286A357D004EDE7A /* Frameworks */,
				0205C293286A357D004EDE7A /* Resources */,
			);
			buildRules = (
			);
			dependencies = (
				0205C297286A357D004EDE7A /* PBXTargetDependency */,
			);
			name = PlateSolverUITests;
			productName = PlateSolverUITests;
			productReference = 0205C295286A357D004EDE7A /* PlateSolverUITests.xctest */;
			productType = "com.apple.product-type.bundle.ui-testing";
		};
/* End PBXNativeTarget section */

/* Begin PBXProject section */
		0205C273286A357A004EDE7A /* Project object */ = {
			isa = PBXProject;
			attributes = {
				BuildIndependentTargetsInParallel = 1;
				LastSwiftUpdateCheck = 1340;
				LastUpgradeCheck = 1340;
				TargetAttributes = {
					0205C27A286A357A004EDE7A = {
						CreatedOnToolsVersion = 13.4;
					};
					0205C28A286A357D004EDE7A = {
						CreatedOnToolsVersion = 13.4;
						TestTargetID = 0205C27A286A357A004EDE7A;
					};
					0205C294286A357D004EDE7A = {
						CreatedOnToolsVersion = 13.4;
						TestTargetID = 0205C27A286A357A004EDE7A;
					};
				};
			};
			buildConfigurationList = 0205C276286A357A004EDE7A /* Build configuration list for PBXProject "PlateSolver" */;
			compatibilityVersion = "Xcode 13.0";
			developmentRegion = en;
			hasScannedForEncodings = 0;
			knownRegions = (
				en,
				Base,
			);
			mainGroup = 0205C272286A357A004EDE7A;
			productRefGroup = 0205C27C286A357A004EDE7A /* Products */;
			projectDirPath = "";
			projectRoot = "";
			targets = (
				0205C27A286A357A004EDE7A /* PlateSolver */,
				0205C28A286A357D004EDE7A /* PlateSolverTests */,
				0205C294286A357D004EDE7A /* PlateSolverUITests */,
			);
		};
/* End PBXProject section */

/* Begin PBXResourcesBuildPhase section */
		0205C279286A357A004EDE7A /* Resources */ = {
			isa = PBXResourcesBuildPhase;
			buildActionMask = 2147483647;
			files = (
				0205C286286A357D004EDE7A /* Preview Assets.xcassets in Resources */,
				0205C283286A357D004EDE7A /* Assets.xcassets in Resources */,
			);
			runOnlyForDeploymentPostprocessing = 0;
		};
		0205C289286A357D004EDE7A /* Resources */ = {
			isa = PBXResourcesBuildPhase;
			buildActionMask = 2147483647;
			files = (
			);
			runOnlyForDeploymentPostprocessing = 0;
		};
		0205C293286A357D004EDE7A /* Resources */ = {
			isa = PBXResourcesBuildPhase;
			buildActionMask = 2147483647;
			files = (
			);
			runOnlyForDeploymentPostprocessing = 0;
		};
/* End PBXResourcesBuildPhase section */

/* Begin PBXSourcesBuildPhase section */
		0205C277286A357A004EDE7A /* Sources */ = {
			isa = PBXSourcesBuildPhase;
			buildActionMask = 2147483647;
			files = (
				026D7F88286B5FA40043C8B3 /* URLRequestExtension.swift in Sources */,
				0205C2AC286A42AC004EDE7A /* Coordinator.swift in Sources */,
				0205C281286A357A004EDE7A /* ContentView.swift in Sources */,
				026D7F80286B45600043C8B3 /* ResultView.swift in Sources */,
				026D7F8E286D265B0043C8B3 /* APIModel.swift in Sources */,
				026D7F86286B5F750043C8B3 /* CaptureImageView.swift in Sources */,
				026D7F8C286C95050043C8B3 /* SettingsView.swift in Sources */,
				026D7F84286B5F0D0043C8B3 /* PhotoButton.swift in Sources */,
				0205C2A9286A35B7004EDE7A /* APIService.swift in Sources */,
				026D7F82286B5D240043C8B3 /* CaptureButton.swift in Sources */,
				0205C27F286A357A004EDE7A /* PlateSolverApp.swift in Sources */,
			);
			runOnlyForDeploymentPostprocessing = 0;
		};
		0205C287286A357D004EDE7A /* Sources */ = {
			isa = PBXSourcesBuildPhase;
			buildActionMask = 2147483647;
			files = (
				0205C290286A357D004EDE7A /* PlateSolverTests.swift in Sources */,
			);
			runOnlyForDeploymentPostprocessing = 0;
		};
		0205C291286A357D004EDE7A /* Sources */ = {
			isa = PBXSourcesBuildPhase;
			buildActionMask = 2147483647;
			files = (
				0205C29C286A357D004EDE7A /* PlateSolverUITestsLaunchTests.swift in Sources */,
				0205C29A286A357D004EDE7A /* PlateSolverUITests.swift in Sources */,
			);
			runOnlyForDeploymentPostprocessing = 0;
		};
/* End PBXSourcesBuildPhase section */

/* Begin PBXTargetDependency section */
		0205C28D286A357D004EDE7A /* PBXTargetDependency */ = {
			isa = PBXTargetDependency;
			target = 0205C27A286A357A004EDE7A /* PlateSolver */;
			targetProxy = 0205C28C286A357D004EDE7A /* PBXContainerItemProxy */;
		};
		0205C297286A357D004EDE7A /* PBXTargetDependency */ = {
			isa = PBXTargetDependency;
			target = 0205C27A286A357A004EDE7A /* PlateSolver */;
			targetProxy = 0205C296286A357D004EDE7A /* PBXContainerItemProxy */;
		};
/* End PBXTargetDependency section */

/* Begin XCBuildConfiguration section */
		0205C29D286A357D004EDE7A /* Debug */ = {
			isa = XCBuildConfiguration;
			buildSettings = {
				ALWAYS_SEARCH_USER_PATHS = NO;
				CLANG_ANALYZER_NONNULL = YES;
				CLANG_ANALYZER_NUMBER_OBJECT_CONVERSION = YES_AGGRESSIVE;
				CLANG_CXX_LANGUAGE_STANDARD = "gnu++17";
				CLANG_ENABLE_MODULES = YES;
				CLANG_ENABLE_OBJC_ARC = YES;
				CLANG_ENABLE_OBJC_WEAK = YES;
				CLANG_WARN_BLOCK_CAPTURE_AUTORELEASING = YES;
				CLANG_WARN_BOOL_CONVERSION = YES;
				CLANG_WARN_COMMA = YES;
				CLANG_WARN_CONSTANT_CONVERSION = YES;
				CLANG_WARN_DEPRECATED_OBJC_IMPLEMENTATIONS = YES;
				CLANG_WARN_DIRECT_OBJC_ISA_USAGE = YES_ERROR;
				CLANG_WARN_DOCUMENTATION_COMMENTS = YES;
				CLANG_WARN_EMPTY_BODY = YES;
				CLANG_WARN_ENUM_CONVERSION = YES;
				CLANG_WARN_INFINITE_RECURSION = YES;
				CLANG_WARN_INT_CONVERSION = YES;
				CLANG_WARN_NON_LITERAL_NULL_CONVERSION = YES;
				CLANG_WARN_OBJC_IMPLICIT_RETAIN_SELF = YES;
				CLANG_WARN_OBJC_LITERAL_CONVERSION = YES;
				CLANG_WARN_OBJC_ROOT_CLASS = YES_ERROR;
				CLANG_WARN_QUOTED_INCLUDE_IN_FRAMEWORK_HEADER = YES;
				CLANG_WARN_RANGE_LOOP_ANALYSIS = YES;
				CLANG_WARN_STRICT_PROTOTYPES = YES;
				CLANG_WARN_SUSPICIOUS_MOVE = YES;
				CLANG_WARN_UNGUARDED_AVAILABILITY = YES_AGGRESSIVE;
				CLANG_WARN_UNREACHABLE_CODE = YES;
				CLANG_WARN__DUPLICATE_METHOD_MATCH = YES;
				COPY_PHASE_STRIP = NO;
				DEBUG_INFORMATION_FORMAT = dwarf;
				ENABLE_STRICT_OBJC_MSGSEND = YES;
				ENABLE_TESTABILITY = YES;
				GCC_C_LANGUAGE_STANDARD = gnu11;
				GCC_DYNAMIC_NO_PIC = NO;
				GCC_NO_COMMON_BLOCKS = YES;
				GCC_OPTIMIZATION_LEVEL = 0;
				GCC_PREPROCESSOR_DEFINITIONS = (
					"DEBUG=1",
					"$(inherited)",
				);
				GCC_WARN_64_TO_32_BIT_CONVERSION = YES;
				GCC_WARN_ABOUT_RETURN_TYPE = YES_ERROR;
				GCC_WARN_UNDECLARED_SELECTOR = YES;
				GCC_WARN_UNINITIALIZED_AUTOS = YES_AGGRESSIVE;
				GCC_WARN_UNUSED_FUNCTION = YES;
				GCC_WARN_UNUSED_VARIABLE = YES;
				IPHONEOS_DEPLOYMENT_TARGET = 15.5;
				MTL_ENABLE_DEBUG_INFO = INCLUDE_SOURCE;
				MTL_FAST_MATH = YES;
				ONLY_ACTIVE_ARCH = YES;
				SDKROOT = iphoneos;
				SWIFT_ACTIVE_COMPILATION_CONDITIONS = DEBUG;
				SWIFT_OPTIMIZATION_LEVEL = "-Onone";
			};
			name = Debug;
		};
		0205C29E286A357D004EDE7A /* Release */ = {
			isa = XCBuildConfiguration;
			buildSettings = {
				ALWAYS_SEARCH_USER_PATHS = NO;
				CLANG_ANALYZER_NONNULL = YES;
				CLANG_ANALYZER_NUMBER_OBJECT_CONVERSION = YES_AGGRESSIVE;
				CLANG_CXX_LANGUAGE_STANDARD = "gnu++17";
				CLANG_ENABLE_MODULES = YES;
				CLANG_ENABLE_OBJC_ARC = YES;
				CLANG_ENABLE_OBJC_WEAK = YES;
				CLANG_WARN_BLOCK_CAPTURE_AUTORELEASING = YES;
				CLANG_WARN_BOOL_CONVERSION = YES;
				CLANG_WARN_COMMA = YES;
				CLANG_WARN_CONSTANT_CONVERSION = YES;
				CLANG_WARN_DEPRECATED_OBJC_IMPLEMENTATIONS = YES;
				CLANG_WARN_DIRECT_OBJC_ISA_USAGE = YES_ERROR;
				CLANG_WARN_DOCUMENTATION_COMMENTS = YES;
				CLANG_WARN_EMPTY_BODY = YES;
				CLANG_WARN_ENUM_CONVERSION = YES;
				CLANG_WARN_INFINITE_RECURSION = YES;
				CLANG_WARN_INT_CONVERSION = YES;
				CLANG_WARN_NON_LITERAL_NULL_CONVERSION = YES;
				CLANG_WARN_OBJC_IMPLICIT_RETAIN_SELF = YES;
				CLANG_WARN_OBJC_LITERAL_CONVERSION = YES;
				CLANG_WARN_OBJC_ROOT_CLASS = YES_ERROR;
				CLANG_WARN_QUOTED_INCLUDE_IN_FRAMEWORK_HEADER = YES;
				CLANG_WARN_RANGE_LOOP_ANALYSIS = YES;
				CLANG_WARN_STRICT_PROTOTYPES = YES;
				CLANG_WARN_SUSPICIOUS_MOVE = YES;
				CLANG_WARN_UNGUARDED_AVAILABILITY = YES_AGGRESSIVE;
				CLANG_WARN_UNREACHABLE_CODE = YES;
				CLANG_WARN__DUPLICATE_METHOD_MATCH = YES;
				COPY_PHASE_STRIP = NO;
				DEBUG_INFORMATION_FORMAT = "dwarf-with-dsym";
				ENABLE_NS_ASSERTIONS = NO;
				ENABLE_STRICT_OBJC_MSGSEND = YES;
				GCC_C_LANGUAGE_STANDARD = gnu11;
				GCC_NO_COMMON_BLOCKS = YES;
				GCC_WARN_64_TO_32_BIT_CONVERSION = YES;
				GCC_WARN_ABOUT_RETURN_TYPE = YES_ERROR;
				GCC_WARN_UNDECLARED_SELECTOR = YES;
				GCC_WARN_UNINITIALIZED_AUTOS = YES_AGGRESSIVE;
				GCC_WARN_UNUSED_FUNCTION = YES;
				GCC_WARN_UNUSED_VARIABLE = YES;
				IPHONEOS_DEPLOYMENT_TARGET = 15.5;
				MTL_ENABLE_DEBUG_INFO = NO;
				MTL_FAST_MATH = YES;
				SDKROOT = iphoneos;
				SWIFT_COMPILATION_MODE = wholemodule;
				SWIFT_OPTIMIZATION_LEVEL = "-O";
				VALIDATE_PRODUCT = YES;
			};
			name = Release;
		};
		0205C2A0286A357D004EDE7A /* Debug */ = {
			isa = XCBuildConfiguration;
			buildSettings = {
				ASSETCATALOG_COMPILER_APPICON_NAME = AppIcon;
				ASSETCATALOG_COMPILER_GLOBAL_ACCENT_COLOR_NAME = AccentColor;
				CODE_SIGN_STYLE = Automatic;
				CURRENT_PROJECT_VERSION = 1;
				DEVELOPMENT_ASSET_PATHS = "\"PlateSolver/Preview Content\"";
				DEVELOPMENT_TEAM = Z67LVNYQSE;
				ENABLE_PREVIEWS = YES;
				GENERATE_INFOPLIST_FILE = YES;
				INFOPLIST_FILE = PlateSolver/Info.plist;
				INFOPLIST_KEY_LSApplicationCategoryType = "";
				INFOPLIST_KEY_NSCameraUsageDescription = "App uses your camera for images to plate solve";
				INFOPLIST_KEY_UIApplicationSupportsIndirectInputEvents = YES;
				INFOPLIST_KEY_UILaunchScreen_Generation = YES;
				INFOPLIST_KEY_UISupportedInterfaceOrientations = UIInterfaceOrientationPortrait;
				INFOPLIST_KEY_UISupportedInterfaceOrientations_iPad = "UIInterfaceOrientationPortrait UIInterfaceOrientationPortraitUpsideDown UIInterfaceOrientationLandscapeLeft UIInterfaceOrientationLandscapeRight";
				INFOPLIST_KEY_UISupportedInterfaceOrientations_iPhone = "UIInterfaceOrientationPortrait UIInterfaceOrientationLandscapeLeft UIInterfaceOrientationLandscapeRight";
				LD_RUNPATH_SEARCH_PATHS = (
					"$(inherited)",
					"@executable_path/Frameworks",
				);
				MARKETING_VERSION = 1.0;
				PRODUCT_BUNDLE_IDENTIFIER = com.SlayterDev.PlateSolver;
				PRODUCT_NAME = "$(TARGET_NAME)";
				SWIFT_EMIT_LOC_STRINGS = YES;
				SWIFT_VERSION = 5.0;
				TARGETED_DEVICE_FAMILY = 1;
			};
			name = Debug;
		};
		0205C2A1286A357D004EDE7A /* Release */ = {
			isa = XCBuildConfiguration;
			buildSettings = {
				ASSETCATALOG_COMPILER_APPICON_NAME = AppIcon;
				ASSETCATALOG_COMPILER_GLOBAL_ACCENT_COLOR_NAME = AccentColor;
				CODE_SIGN_STYLE = Automatic;
				CURRENT_PROJECT_VERSION = 1;
				DEVELOPMENT_ASSET_PATHS = "\"PlateSolver/Preview Content\"";
				DEVELOPMENT_TEAM = Z67LVNYQSE;
				ENABLE_PREVIEWS = YES;
				GENERATE_INFOPLIST_FILE = YES;
				INFOPLIST_FILE = PlateSolver/Info.plist;
				INFOPLIST_KEY_LSApplicationCategoryType = "";
				INFOPLIST_KEY_NSCameraUsageDescription = "App uses your camera for images to plate solve";
				INFOPLIST_KEY_UIApplicationSupportsIndirectInputEvents = YES;
				INFOPLIST_KEY_UILaunchScreen_Generation = YES;
				INFOPLIST_KEY_UISupportedInterfaceOrientations = UIInterfaceOrientationPortrait;
				INFOPLIST_KEY_UISupportedInterfaceOrientations_iPad = "UIInterfaceOrientationPortrait UIInterfaceOrientationPortraitUpsideDown UIInterfaceOrientationLandscapeLeft UIInterfaceOrientationLandscapeRight";
				INFOPLIST_KEY_UISupportedInterfaceOrientations_iPhone = "UIInterfaceOrientationPortrait UIInterfaceOrientationLandscapeLeft UIInterfaceOrientationLandscapeRight";
				LD_RUNPATH_SEARCH_PATHS = (
					"$(inherited)",
					"@executable_path/Frameworks",
				);
				MARKETING_VERSION = 1.0;
				PRODUCT_BUNDLE_IDENTIFIER = com.SlayterDev.PlateSolver;
				PRODUCT_NAME = "$(TARGET_NAME)";
				SWIFT_EMIT_LOC_STRINGS = YES;
				SWIFT_VERSION = 5.0;
				TARGETED_DEVICE_FAMILY = 1;
			};
			name = Release;
		};
		0205C2A3286A357D004EDE7A /* Debug */ = {
			isa = XCBuildConfiguration;
			buildSettings = {
				ALWAYS_EMBED_SWIFT_STANDARD_LIBRARIES = YES;
				BUNDLE_LOADER = "$(TEST_HOST)";
				CODE_SIGN_STYLE = Automatic;
				CURRENT_PROJECT_VERSION = 1;
				DEVELOPMENT_TEAM = Z67LVNYQSE;
				GENERATE_INFOPLIST_FILE = YES;
				IPHONEOS_DEPLOYMENT_TARGET = 15.5;
				MARKETING_VERSION = 1.0;
				PRODUCT_BUNDLE_IDENTIFIER = com.SlayterDev.PlateSolverTests;
				PRODUCT_NAME = "$(TARGET_NAME)";
				SWIFT_EMIT_LOC_STRINGS = NO;
				SWIFT_VERSION = 5.0;
				TARGETED_DEVICE_FAMILY = "1,2";
				TEST_HOST = "$(BUILT_PRODUCTS_DIR)/PlateSolver.app/PlateSolver";
			};
			name = Debug;
		};
		0205C2A4286A357D004EDE7A /* Release */ = {
			isa = XCBuildConfiguration;
			buildSettings = {
				ALWAYS_EMBED_SWIFT_STANDARD_LIBRARIES = YES;
				BUNDLE_LOADER = "$(TEST_HOST)";
				CODE_SIGN_STYLE = Automatic;
				CURRENT_PROJECT_VERSION = 1;
				DEVELOPMENT_TEAM = Z67LVNYQSE;
				GENERATE_INFOPLIST_FILE = YES;
				IPHONEOS_DEPLOYMENT_TARGET = 15.5;
				MARKETING_VERSION = 1.0;
				PRODUCT_BUNDLE_IDENTIFIER = com.SlayterDev.PlateSolverTests;
				PRODUCT_NAME = "$(TARGET_NAME)";
				SWIFT_EMIT_LOC_STRINGS = NO;
				SWIFT_VERSION = 5.0;
				TARGETED_DEVICE_FAMILY = "1,2";
				TEST_HOST = "$(BUILT_PRODUCTS_DIR)/PlateSolver.app/PlateSolver";
			};
			name = Release;
		};
		0205C2A6286A357D004EDE7A /* Debug */ = {
			isa = XCBuildConfiguration;
			buildSettings = {
				ALWAYS_EMBED_SWIFT_STANDARD_LIBRARIES = YES;
				CODE_SIGN_STYLE = Automatic;
				CURRENT_PROJECT_VERSION = 1;
				DEVELOPMENT_TEAM = Z67LVNYQSE;
				GENERATE_INFOPLIST_FILE = YES;
				MARKETING_VERSION = 1.0;
				PRODUCT_BUNDLE_IDENTIFIER = com.SlayterDev.PlateSolverUITests;
				PRODUCT_NAME = "$(TARGET_NAME)";
				SWIFT_EMIT_LOC_STRINGS = NO;
				SWIFT_VERSION = 5.0;
				TARGETED_DEVICE_FAMILY = "1,2";
				TEST_TARGET_NAME = PlateSolver;
			};
			name = Debug;
		};
		0205C2A7286A357D004EDE7A /* Release */ = {
			isa = XCBuildConfiguration;
			buildSettings = {
				ALWAYS_EMBED_SWIFT_STANDARD_LIBRARIES = YES;
				CODE_SIGN_STYLE = Automatic;
				CURRENT_PROJECT_VERSION = 1;
				DEVELOPMENT_TEAM = Z67LVNYQSE;
				GENERATE_INFOPLIST_FILE = YES;
				MARKETING_VERSION = 1.0;
				PRODUCT_BUNDLE_IDENTIFIER = com.SlayterDev.PlateSolverUITests;
				PRODUCT_NAME = "$(TARGET_NAME)";
				SWIFT_EMIT_LOC_STRINGS = NO;
				SWIFT_VERSION = 5.0;
				TARGETED_DEVICE_FAMILY = "1,2";
				TEST_TARGET_NAME = PlateSolver;
			};
			name = Release;
		};
/* End XCBuildConfiguration section */

/* Begin XCConfigurationList section */
		0205C276286A357A004EDE7A /* Build configuration list for PBXProject "PlateSolver" */ = {
			isa = XCConfigurationList;
			buildConfigurations = (
				0205C29D286A357D004EDE7A /* Debug */,
				0205C29E286A357D004EDE7A /* Release */,
			);
			defaultConfigurationIsVisible = 0;
			defaultConfigurationName = Release;
		};
		0205C29F286A357D004EDE7A /* Build configuration list for PBXNativeTarget "PlateSolver" */ = {
			isa = XCConfigurationList;
			buildConfigurations = (
				0205C2A0286A357D004EDE7A /* Debug */,
				0205C2A1286A357D004EDE7A /* Release */,
			);
			defaultConfigurationIsVisible = 0;
			defaultConfigurationName = Release;
		};
		0205C2A2286A357D004EDE7A /* Build configuration list for PBXNativeTarget "PlateSolverTests" */ = {
			isa = XCConfigurationList;
			buildConfigurations = (
				0205C2A3286A357D004EDE7A /* Debug */,
				0205C2A4286A357D004EDE7A /* Release */,
			);
			defaultConfigurationIsVisible = 0;
			defaultConfigurationName = Release;
		};
		0205C2A5286A357D004EDE7A /* Build configuration list for PBXNativeTarget "PlateSolverUITests" */ = {
			isa = XCConfigurationList;
			buildConfigurations = (
				0205C2A6286A357D004EDE7A /* Debug */,
				0205C2A7286A357D004EDE7A /* Release */,
			);
			defaultConfigurationIsVisible = 0;
			defaultConfigurationName = Release;
		};
/* End XCConfigurationList section */
	};
	rootObject = 0205C273286A357A004EDE7A /* Project object */;
}
